
Microsoft Visual Studio Solution File, Format Version 12.00
# Visual Studio Version 17
VisualStudioVersion = 17.13.35828.75
MinimumVisualStudioVersion = 10.0.40219.1
Project("{8BC9CEB8-8B4A-11D0-8D11-00A0C91BC942}") = "BOOK", "CProjects\CProjects.vcxproj", "{269E7B47-5D24-42C0-BA36-8AA4C2392C48}"
EndProject
Project("{8BC9CEB8-8B4A-11D0-8D11-00A0C91BC942}") = "TEST", "TEST\TEST.vcxproj", "{BE26465F-5243-404B-A371-3CFEA452BDC7}"
EndProject
Project("{8BC9CEB8-8B4A-11D0-8D11-00A0C91BC942}") = "TEST2", "TEST2\TEST2.vcxproj", "{CD4E8270-F552-484F-A098-F8BDA9B4B7F5}"
EndProject
Project("{8BC9CEB8-8B4A-11D0-8D11-00A0C91BC942}") = "TEST3", "TEST3\TEST3.vcxproj", "{BFF81C4E-692A-4A97-B813-AD772C29B08D}"
EndProject
Global
	GlobalSection(SolutionConfigurationPlatforms) = preSolution
		Debug|x64 = Debug|x64
		Debug|x86 = Debug|x86
		Release|x64 = Release|x64
		Release|x86 = Release|x86
	EndGlobalSection
	GlobalSection(ProjectConfigurationPlatforms) = postSolution
		{269E7B47-5D24-42C0-BA36-8AA4C2392C48}.Debug|x64.ActiveCfg = Debug|x64
		{269E7B47-5D24-42C0-BA36-8AA4C2392C48}.Debug|x64.Build.0 = Debug|x64
		{269E7B47-5D24-42C0-BA36-8AA4C2392C48}.Debug|x86.ActiveCfg = Debug|Win32
		{269E7B47-5D24-42C0-BA36-8AA4C2392C48}.Debug|x86.Build.0 = Debug|Win32
		{269E7B47-5D24-42C0-BA36-8AA4C2392C48}.Release|x64.ActiveCfg = Release|x64
		{269E7B47-5D24-42C0-BA36-8AA4C2392C48}.Release|x64.Build.0 = Release|x64
		{269E7B47-5D24-42C0-BA36-8AA4C2392C48}.Release|x86.ActiveCfg = Release|Win32
		{269E7B47-5D24-42C0-BA36-8AA4C2392C48}.Release|x86.Build.0 = Release|Win32
		{BE26465F-5243-404B-A371-3CFEA452BDC7}.Debug|x64.ActiveCfg = Debug|x64
		{BE26465F-5243-404B-A371-3CFEA452BDC7}.Debug|x86.ActiveCfg = Debug|Win32
		{BE26465F-5243-404B-A371-3CFEA452BDC7}.Debug|x86.Build.0 = Debug|Win32
		{BE26465F-5243-404B-A371-3CFEA452BDC7}.Release|x64.ActiveCfg = Release|x64
		{BE26465F-5243-404B-A371-3CFEA452BDC7}.Release|x64.Build.0 = Release|x64
		{BE26465F-5243-404B-A371-3CFEA452BDC7}.Release|x86.ActiveCfg = Release|Win32
		{BE26465F-5243-404B-A371-3CFEA452BDC7}.Release|x86.Build.0 = Release|Win32
		{CD4E8270-F552-484F-A098-F8BDA9B4B7F5}.Debug|x64.ActiveCfg = Debug|x64
		{CD4E8270-F552-484F-A098-F8BDA9B4B7F5}.Debug|x86.ActiveCfg = Debug|Win32
		{CD4E8270-F552-484F-A098-F8BDA9B4B7F5}.Debug|x86.Build.0 = Debug|Win32
		{CD4E8270-F552-484F-A098-F8BDA9B4B7F5}.Release|x64.ActiveCfg = Release|x64
		{CD4E8270-F552-484F-A098-F8BDA9B4B7F5}.Release|x64.Build.0 = Release|x64
		{CD4E8270-F552-484F-A098-F8BDA9B4B7F5}.Release|x86.ActiveCfg = Release|Win32
		{CD4E8270-F552-484F-A098-F8BDA9B4B7F5}.Release|x86.Build.0 = Release|Win32
		{BFF81C4E-692A-4A97-B813-AD772C29B08D}.Debug|x64.ActiveCfg = Debug|x64
		{BFF81C4E-692A-4A97-B813-AD772C29B08D}.Debug|x86.ActiveCfg = Debug|Win32
		{BFF81C4E-692A-4A97-B813-AD772C29B08D}.Debug|x86.Build.0 = Debug|Win32
		{BFF81C4E-692A-4A97-B813-AD772C29B08D}.Release|x64.ActiveCfg = Release|x64
		{BFF81C4E-692A-4A97-B813-AD772C29B08D}.Release|x64.Build.0 = Release|x64
		{BFF81C4E-692A-4A97-B813-AD772C29B08D}.Release|x86.ActiveCfg = Release|Win32
		{BFF81C4E-692A-4A97-B813-AD772C29B08D}.Release|x86.Build.0 = Release|Win32
	EndGlobalSection
	GlobalSection(SolutionProperties) = preSolution
		HideSolutionNode = FALSE
	EndGlobalSection
	GlobalSection(ExtensibilityGlobals) = postSolution
		SolutionGuid = {E94E81EA-9A51-4EF6-A61C-7B385A3A499B}
	EndGlobalSection
EndGlobal
